
Microsoft Visual Studio Solution File, Format Version 12.00
Project("{FAE04EC0-301F-11D3-BF4B-00C04F79EFBC}") = "MoreDefLanguages", "Source\MoreDefLanguages.csproj", "{CEC92B8F-E9D7-4600-8942-3B2A65D25E01}"
EndProject
Global
	GlobalSection(SolutionConfigurationPlatforms) = preSolution
		Debug|Any CPU = Debug|Any CPU
		Release|Any CPU = Release|Any CPU
	EndGlobalSection
	GlobalSection(ProjectConfigurationPlatforms) = postSolution
		{CEC92B8F-E9D7-4600-8942-3B2A65D25E01}.Debug|Any CPU.ActiveCfg = Debug|Any CPU
		{CEC92B8F-E9D7-4600-8942-3B2A65D25E01}.Debug|Any CPU.Build.0 = Debug|Any CPU
		{CEC92B8F-E9D7-4600-8942-3B2A65D25E01}.Release|Any CPU.ActiveCfg = Release|Any CPU
		{CEC92B8F-E9D7-4600-8942-3B2A65D25E01}.Release|Any CPU.Build.0 = Release|Any CPU
	EndGlobalSection
EndGlobal
